
Microsoft Visual Studio Solution File, Format Version 12.00
# Visual Studio Version 16
VisualStudioVersion = 16.0.31702.278
MinimumVisualStudioVersion = 10.0.40219.1
Project("{FAE04EC0-301F-11D3-BF4B-00C04F79EFBC}") = "MvcProje", "MvcProje\MvcProje.csproj", "{15A7E58F-EBD5-4042-AB29-E79DC17BB092}"
EndProject
Project("{FAE04EC0-301F-11D3-BF4B-00C04F79EFBC}") = "EntityLayer", "EntityLayer\EntityLayer.csproj", "{9135A1E3-8DFF-4241-891D-4A39081B7526}"
EndProject
Project("{FAE04EC0-301F-11D3-BF4B-00C04F79EFBC}") = "DataAccessLayer", "DataAccessLayer\DataAccessLayer.csproj", "{3FDC9804-3579-4907-A432-2598708815FA}"
EndProject
Project("{FAE04EC0-301F-11D3-BF4B-00C04F79EFBC}") = "BusinessLayer", "BusinessLayer\BusinessLayer.csproj", "{53801656-07FD-4A13-A000-CED4D5B79506}"
EndProject
Global
	GlobalSection(SolutionConfigurationPlatforms) = preSolution
		Debug|Any CPU = Debug|Any CPU
		Release|Any CPU = Release|Any CPU
	EndGlobalSection
	GlobalSection(ProjectConfigurationPlatforms) = postSolution
		{15A7E58F-EBD5-4042-AB29-E79DC17BB092}.Debug|Any CPU.ActiveCfg = Debug|Any CPU
		{15A7E58F-EBD5-4042-AB29-E79DC17BB092}.Debug|Any CPU.Build.0 = Debug|Any CPU
		{15A7E58F-EBD5-4042-AB29-E79DC17BB092}.Release|Any CPU.ActiveCfg = Release|Any CPU
		{15A7E58F-EBD5-4042-AB29-E79DC17BB092}.Release|Any CPU.Build.0 = Release|Any CPU
		{9135A1E3-8DFF-4241-891D-4A39081B7526}.Debug|Any CPU.ActiveCfg = Debug|Any CPU
		{9135A1E3-8DFF-4241-891D-4A39081B7526}.Debug|Any CPU.Build.0 = Debug|Any CPU
		{9135A1E3-8DFF-4241-891D-4A39081B7526}.Release|Any CPU.ActiveCfg = Release|Any CPU
		{9135A1E3-8DFF-4241-891D-4A39081B7526}.Release|Any CPU.Build.0 = Release|Any CPU
		{3FDC9804-3579-4907-A432-2598708815FA}.Debug|Any CPU.ActiveCfg = Debug|Any CPU
		{3FDC9804-3579-4907-A432-2598708815FA}.Debug|Any CPU.Build.0 = Debug|Any CPU
		{3FDC9804-3579-4907-A432-2598708815FA}.Release|Any CPU.ActiveCfg = Release|Any CPU
		{3FDC9804-3579-4907-A432-2598708815FA}.Release|Any CPU.Build.0 = Release|Any CPU
		{53801656-07FD-4A13-A000-CED4D5B79506}.Debug|Any CPU.ActiveCfg = Debug|Any CPU
		{53801656-07FD-4A13-A000-CED4D5B79506}.Debug|Any CPU.Build.0 = Debug|Any CPU
		{53801656-07FD-4A13-A000-CED4D5B79506}.Release|Any CPU.ActiveCfg = Release|Any CPU
		{53801656-07FD-4A13-A000-CED4D5B79506}.Release|Any CPU.Build.0 = Release|Any CPU
	EndGlobalSection
	GlobalSection(SolutionProperties) = preSolution
		HideSolutionNode = FALSE
	EndGlobalSection
	GlobalSection(ExtensibilityGlobals) = postSolution
		SolutionGuid = {44B08C3B-0DFE-4632-A5A5-AC69BD5EF9E3}
	EndGlobalSection
EndGlobal
